{
  "version": 4,
  "terraform_version": "1.12.2",
  "serial": 1,
  "lineage": "e4183212-6c45-ce05-ae6a-012475338205",
  "outputs": {},
  "resources": [
    {
      "mode": "managed",
      "type": "local_file",
      "name": "example",
      "provider": "provider[\"registry.terraform.io/hashicorp/local\"]",
      "instances": [
        {
          "schema_version": 0,
          "attributes": {
            "content": "Hello DevOps - Terraform Working",
            "content_base64": null,
            "content_base64sha256": "slLgzo5buRVSqCcqnyZbzTYDEV6wtyzVAH+jgrx2Bqc=",
            "content_base64sha512": "hMvIcEOn6IKF/d9MqcG2jl1N9YtdWs4WzmhhMExHVxEguMlRR664OdNAz45PSox/qZnvNH8o2cL4lPgjAe5YiA==",
            "content_md5": "75e58c7bb44f3af7935cb463e460d19d",
            "content_sha1": "d57dddd3789a0b1a04c1def68c8d75ea70345399",
            "content_sha256": "b252e0ce8e5bb91552a8272a9f265bcd3603115eb0b72cd5007fa382bc7606a7",
            "content_sha512": "84cbc87043a7e88285fddf4ca9c1b68e5d4df58b5d5ace16ce6861304c47571120b8c95147aeb839d340cf8e4f4a8c7fa999ef347f28d9c2f894f82301ee5888",
            "directory_permission": "0777",
            "file_permission": "0777",
            "filename": "demo.txt",
            "id": "d57dddd3789a0b1a04c1def68c8d75ea70345399",
            "sensitive_content": null,
            "source": null
          },
          "sensitive_attributes": [
            [
              {
                "type": "get_attr",
                "value": "sensitive_content"
              }
            ]
          ],
          "identity_schema_version": 0
        }
      ]
    }
  ],
  "check_results": null
}
